// !$*UTF8*$!
{
	archiveVersion = 1;
	classes = {
	};
	objectVersion = 55;
	objects = {

/* Begin PBXBuildFile section */
		4C0AB1A327F4A5EE0070C4AF /* BeaconDetector.swift in Sources */ = {isa = PBXBuildFile; fileRef = 4C0AB1A227F4A5EE0070C4AF /* BeaconDetector.swift */; };
		4C0AB1A527F4A64D0070C4AF /* Constants.swift in Sources */ = {isa = PBXBuildFile; fileRef = 4C0AB1A427F4A64D0070C4AF /* Constants.swift */; };
		4C0AB1B427F5EF4E0070C4AF /* GoogleService-Info.plist in Resources */ = {isa = PBXBuildFile; fileRef = 4C0AB1B327F5EF4E0070C4AF /* GoogleService-Info.plist */; };
		4C0AB1B627F5EF5C0070C4AF /* BeaconEventsService.swift in Sources */ = {isa = PBXBuildFile; fileRef = 4C0AB1B527F5EF5C0070C4AF /* BeaconEventsService.swift */; };
		4C0AB1B927F5F00C0070C4AF /* FirebaseFirestore in Frameworks */ = {isa = PBXBuildFile; productRef = 4C0AB1B827F5F00C0070C4AF /* FirebaseFirestore */; };
		4C0AB1BB27F5F00C0070C4AF /* FirebaseFirestoreCombine-Community in Frameworks */ = {isa = PBXBuildFile; productRef = 4C0AB1BA27F5F00C0070C4AF /* FirebaseFirestoreCombine-Community */; };
		4C0AB1BD27F5F00C0070C4AF /* FirebaseFirestoreSwift-Beta in Frameworks */ = {isa = PBXBuildFile; productRef = 4C0AB1BC27F5F00C0070C4AF /* FirebaseFirestoreSwift-Beta */; };
		4C0AB1C027F5FE7B0070C4AF /* Event.swift in Sources */ = {isa = PBXBuildFile; fileRef = 4C0AB1BF27F5FE7B0070C4AF /* Event.swift */; };
		4C845B9628798B9300A9751E /* ComposableArchitecture in Frameworks */ = {isa = PBXBuildFile; productRef = 4C845B9528798B9300A9751E /* ComposableArchitecture */; };
		4C845B9928798D2300A9751E /* BeaconDetectorFeature.swift in Sources */ = {isa = PBXBuildFile; fileRef = 4C845B9828798D2300A9751E /* BeaconDetectorFeature.swift */; };
		4C845B9C28798F4D00A9751E /* SystemEnvironment.swift in Sources */ = {isa = PBXBuildFile; fileRef = 4C845B9B28798F4D00A9751E /* SystemEnvironment.swift */; };
		8D5F665B27F46A1700ACB97B /* BeacofficeApp.swift in Sources */ = {isa = PBXBuildFile; fileRef = 8D5F665A27F46A1700ACB97B /* BeacofficeApp.swift */; };
		8D5F665D27F46A1700ACB97B /* BeaconDetectorView.swift in Sources */ = {isa = PBXBuildFile; fileRef = 8D5F665C27F46A1700ACB97B /* BeaconDetectorView.swift */; };
		8D5F665F27F46A1A00ACB97B /* Assets.xcassets in Resources */ = {isa = PBXBuildFile; fileRef = 8D5F665E27F46A1A00ACB97B /* Assets.xcassets */; };
		8D5F666227F46A1A00ACB97B /* Preview Assets.xcassets in Resources */ = {isa = PBXBuildFile; fileRef = 8D5F666127F46A1A00ACB97B /* Preview Assets.xcassets */; };
		8D5F666B27F5E79A00ACB97B /* MessageView.swift in Sources */ = {isa = PBXBuildFile; fileRef = 8D5F666A27F5E79A00ACB97B /* MessageView.swift */; };
		8D5F667127F5EEEB00ACB97B /* AppDelegate.swift in Sources */ = {isa = PBXBuildFile; fileRef = 8D5F667027F5EEEB00ACB97B /* AppDelegate.swift */; };
		8D5F667327F5F96900ACB97B /* HeartView.swift in Sources */ = {isa = PBXBuildFile; fileRef = 8D5F667227F5F96900ACB97B /* HeartView.swift */; };
/* End PBXBuildFile section */

/* Begin PBXFileReference section */
		4C0AB1A027F4A5040070C4AF /* BeaconEmitter.swift */ = {isa = PBXFileReference; lastKnownFileType = sourcecode.swift; path = BeaconEmitter.swift; sourceTree = "<group>"; };
		4C0AB1A227F4A5EE0070C4AF /* BeaconDetector.swift */ = {isa = PBXFileReference; lastKnownFileType = sourcecode.swift; path = BeaconDetector.swift; sourceTree = "<group>"; };
		4C0AB1A427F4A64D0070C4AF /* Constants.swift */ = {isa = PBXFileReference; lastKnownFileType = sourcecode.swift; path = Constants.swift; sourceTree = "<group>"; };
		4C0AB1B327F5EF4E0070C4AF /* GoogleService-Info.plist */ = {isa = PBXFileReference; fileEncoding = 4; lastKnownFileType = text.plist.xml; path = "GoogleService-Info.plist"; sourceTree = "<group>"; };
		4C0AB1B527F5EF5C0070C4AF /* BeaconEventsService.swift */ = {isa = PBXFileReference; fileEncoding = 4; lastKnownFileType = sourcecode.swift; name = BeaconEventsService.swift; path = Beacoffice/OLD/Services/BeaconEventsService.swift; sourceTree = SOURCE_ROOT; };
		4C0AB1BF27F5FE7B0070C4AF /* Event.swift */ = {isa = PBXFileReference; lastKnownFileType = sourcecode.swift; path = Event.swift; sourceTree = "<group>"; };
		4C845B9828798D2300A9751E /* BeaconDetectorFeature.swift */ = {isa = PBXFileReference; lastKnownFileType = sourcecode.swift; path = BeaconDetectorFeature.swift; sourceTree = "<group>"; };
		4C845B9B28798F4D00A9751E /* SystemEnvironment.swift */ = {isa = PBXFileReference; lastKnownFileType = sourcecode.swift; path = SystemEnvironment.swift; sourceTree = "<group>"; };
		8D5F665727F46A1700ACB97B /* Beacoffice.app */ = {isa = PBXFileReference; explicitFileType = wrapper.application; includeInIndex = 0; path = Beacoffice.app; sourceTree = BUILT_PRODUCTS_DIR; };
		8D5F665A27F46A1700ACB97B /* BeacofficeApp.swift */ = {isa = PBXFileReference; lastKnownFileType = sourcecode.swift; path = BeacofficeApp.swift; sourceTree = "<group>"; };
		8D5F665C27F46A1700ACB97B /* BeaconDetectorView.swift */ = {isa = PBXFileReference; lastKnownFileType = sourcecode.swift; path = BeaconDetectorView.swift; sourceTree = "<group>"; };
		8D5F665E27F46A1A00ACB97B /* Assets.xcassets */ = {isa = PBXFileReference; lastKnownFileType = folder.assetcatalog; path = Assets.xcassets; sourceTree = "<group>"; };
		8D5F666127F46A1A00ACB97B /* Preview Assets.xcassets */ = {isa = PBXFileReference; lastKnownFileType = folder.assetcatalog; path = "Preview Assets.xcassets"; sourceTree = "<group>"; };
		8D5F666827F4AE4700ACB97B /* ViewModel.swift */ = {isa = PBXFileReference; lastKnownFileType = sourcecode.swift; path = ViewModel.swift; sourceTree = "<group>"; };
		8D5F666A27F5E79A00ACB97B /* MessageView.swift */ = {isa = PBXFileReference; lastKnownFileType = sourcecode.swift; path = MessageView.swift; sourceTree = "<group>"; };
		8D5F667027F5EEEB00ACB97B /* AppDelegate.swift */ = {isa = PBXFileReference; lastKnownFileType = sourcecode.swift; path = AppDelegate.swift; sourceTree = "<group>"; };
		8D5F667227F5F96900ACB97B /* HeartView.swift */ = {isa = PBXFileReference; lastKnownFileType = sourcecode.swift; path = HeartView.swift; sourceTree = "<group>"; };
/* End PBXFileReference section */

/* Begin PBXFrameworksBuildPhase section */
		8D5F665427F46A1700ACB97B /* Frameworks */ = {
			isa = PBXFrameworksBuildPhase;
			buildActionMask = 2147483647;
			files = (
				4C0AB1BD27F5F00C0070C4AF /* FirebaseFirestoreSwift-Beta in Frameworks */,
				4C0AB1B927F5F00C0070C4AF /* FirebaseFirestore in Frameworks */,
				4C845B9628798B9300A9751E /* ComposableArchitecture in Frameworks */,
				4C0AB1BB27F5F00C0070C4AF /* FirebaseFirestoreCombine-Community in Frameworks */,
			);
			runOnlyForDeploymentPostprocessing = 0;
		};
/* End PBXFrameworksBuildPhase section */

/* Begin PBXGroup section */
		4C0AB1BE27F5FE030070C4AF /* Model */ = {
			isa = PBXGroup;
			children = (
				4C0AB1BF27F5FE7B0070C4AF /* Event.swift */,
			);
			path = Model;
			sourceTree = "<group>";
		};
		4C845B9728798D0300A9751E /* BeaconDetector */ = {
			isa = PBXGroup;
			children = (
				8D5F665C27F46A1700ACB97B /* BeaconDetectorView.swift */,
				4C845B9828798D2300A9751E /* BeaconDetectorFeature.swift */,
			);
			path = BeaconDetector;
			sourceTree = "<group>";
		};
		4C845B9A28798F3E00A9751E /* Shared */ = {
			isa = PBXGroup;
			children = (
				4C845B9B28798F4D00A9751E /* SystemEnvironment.swift */,
			);
			path = Shared;
			sourceTree = "<group>";
		};
		4C845B9D287991BC00A9751E /* OLD */ = {
			isa = PBXGroup;
			children = (
				8D5F666C27F5E7A000ACB97B /* Views */,
				4C0AB1BE27F5FE030070C4AF /* Model */,
				8D5F666D27F5E7B800ACB97B /* ViewModel */,
				8D5F666E27F5E7C100ACB97B /* Services */,
				8D5F666F27F5E7DB00ACB97B /* Utility */,
			);
			path = OLD;
			sourceTree = "<group>";
		};
		8D5F664E27F46A1600ACB97B = {
			isa = PBXGroup;
			children = (
				8D5F665927F46A1700ACB97B /* Beacoffice */,
				8D5F665827F46A1700ACB97B /* Products */,
			);
			sourceTree = "<group>";
		};
		8D5F665827F46A1700ACB97B /* Products */ = {
			isa = PBXGroup;
			children = (
				8D5F665727F46A1700ACB97B /* Beacoffice.app */,
			);
			name = Products;
			sourceTree = "<group>";
		};
		8D5F665927F46A1700ACB97B /* Beacoffice */ = {
			isa = PBXGroup;
			children = (
				4C845B9A28798F3E00A9751E /* Shared */,
				4C0AB1B327F5EF4E0070C4AF /* GoogleService-Info.plist */,
				8D5F665A27F46A1700ACB97B /* BeacofficeApp.swift */,
				8D5F667027F5EEEB00ACB97B /* AppDelegate.swift */,
				4C845B9728798D0300A9751E /* BeaconDetector */,
				4C845B9D287991BC00A9751E /* OLD */,
				8D5F665E27F46A1A00ACB97B /* Assets.xcassets */,
				8D5F666027F46A1A00ACB97B /* Preview Content */,
			);
			path = Beacoffice;
			sourceTree = "<group>";
		};
		8D5F666027F46A1A00ACB97B /* Preview Content */ = {
			isa = PBXGroup;
			children = (
				8D5F666127F46A1A00ACB97B /* Preview Assets.xcassets */,
			);
			path = "Preview Content";
			sourceTree = "<group>";
		};
		8D5F666C27F5E7A000ACB97B /* Views */ = {
			isa = PBXGroup;
			children = (
				8D5F667227F5F96900ACB97B /* HeartView.swift */,
				8D5F666A27F5E79A00ACB97B /* MessageView.swift */,
			);
			path = Views;
			sourceTree = "<group>";
		};
		8D5F666D27F5E7B800ACB97B /* ViewModel */ = {
			isa = PBXGroup;
			children = (
				8D5F666827F4AE4700ACB97B /* ViewModel.swift */,
			);
			path = ViewModel;
			sourceTree = "<group>";
		};
		8D5F666E27F5E7C100ACB97B /* Services */ = {
			isa = PBXGroup;
			children = (
				4C0AB1B527F5EF5C0070C4AF /* BeaconEventsService.swift */,
				4C0AB1A227F4A5EE0070C4AF /* BeaconDetector.swift */,
				4C0AB1A027F4A5040070C4AF /* BeaconEmitter.swift */,
			);
			path = Services;
			sourceTree = "<group>";
		};
		8D5F666F27F5E7DB00ACB97B /* Utility */ = {
			isa = PBXGroup;
			children = (
				4C0AB1A427F4A64D0070C4AF /* Constants.swift */,
			);
			path = Utility;
			sourceTree = "<group>";
		};
/* End PBXGroup section */

/* Begin PBXNativeTarget section */
		8D5F665627F46A1700ACB97B /* Beacoffice */ = {
			isa = PBXNativeTarget;
			buildConfigurationList = 8D5F666527F46A1A00ACB97B /* Build configuration list for PBXNativeTarget "Beacoffice" */;
			buildPhases = (
				8D5F665327F46A1700ACB97B /* Sources */,
				8D5F665427F46A1700ACB97B /* Frameworks */,
				8D5F665527F46A1700ACB97B /* Resources */,
			);
			buildRules = (
			);
			dependencies = (
			);
			name = Beacoffice;
			packageProductDependencies = (
				4C0AB1B827F5F00C0070C4AF /* FirebaseFirestore */,
				4C0AB1BA27F5F00C0070C4AF /* FirebaseFirestoreCombine-Community */,
				4C0AB1BC27F5F00C0070C4AF /* FirebaseFirestoreSwift-Beta */,
				4C845B9528798B9300A9751E /* ComposableArchitecture */,
			);
			productName = Beacoffice;
			productReference = 8D5F665727F46A1700ACB97B /* Beacoffice.app */;
			productType = "com.apple.product-type.application";
		};
/* End PBXNativeTarget section */

/* Begin PBXProject section */
		8D5F664F27F46A1600ACB97B /* Project object */ = {
			isa = PBXProject;
			attributes = {
				BuildIndependentTargetsInParallel = 1;
				LastSwiftUpdateCheck = 1320;
				LastUpgradeCheck = 1320;
				TargetAttributes = {
					8D5F665627F46A1700ACB97B = {
						CreatedOnToolsVersion = 13.2.1;
					};
				};
			};
			buildConfigurationList = 8D5F665227F46A1600ACB97B /* Build configuration list for PBXProject "Beacoffice" */;
			compatibilityVersion = "Xcode 13.0";
			developmentRegion = en;
			hasScannedForEncodings = 0;
			knownRegions = (
				en,
				Base,
			);
			mainGroup = 8D5F664E27F46A1600ACB97B;
			packageReferences = (
				4C0AB1B727F5F00C0070C4AF /* XCRemoteSwiftPackageReference "firebase-ios-sdk" */,
				4C845B9428798B9300A9751E /* XCRemoteSwiftPackageReference "swift-composable-architecture" */,
			);
			productRefGroup = 8D5F665827F46A1700ACB97B /* Products */;
			projectDirPath = "";
			projectRoot = "";
			targets = (
				8D5F665627F46A1700ACB97B /* Beacoffice */,
			);
		};
/* End PBXProject section */

/* Begin PBXResourcesBuildPhase section */
		8D5F665527F46A1700ACB97B /* Resources */ = {
			isa = PBXResourcesBuildPhase;
			buildActionMask = 2147483647;
			files = (
				8D5F666227F46A1A00ACB97B /* Preview Assets.xcassets in Resources */,
				8D5F665F27F46A1A00ACB97B /* Assets.xcassets in Resources */,
				4C0AB1B427F5EF4E0070C4AF /* GoogleService-Info.plist in Resources */,
			);
			runOnlyForDeploymentPostprocessing = 0;
		};
/* End PBXResourcesBuildPhase section */

/* Begin PBXSourcesBuildPhase section */
		8D5F665327F46A1700ACB97B /* Sources */ = {
			isa = PBXSourcesBuildPhase;
			buildActionMask = 2147483647;
			files = (
				4C0AB1C027F5FE7B0070C4AF /* Event.swift in Sources */,
				8D5F667127F5EEEB00ACB97B /* AppDelegate.swift in Sources */,
				4C0AB1B627F5EF5C0070C4AF /* BeaconEventsService.swift in Sources */,
				4C0AB1A527F4A64D0070C4AF /* Constants.swift in Sources */,
				4C845B9928798D2300A9751E /* BeaconDetectorFeature.swift in Sources */,
				8D5F667327F5F96900ACB97B /* HeartView.swift in Sources */,
				8D5F665D27F46A1700ACB97B /* BeaconDetectorView.swift in Sources */,
				4C0AB1A327F4A5EE0070C4AF /* BeaconDetector.swift in Sources */,
				8D5F665B27F46A1700ACB97B /* BeacofficeApp.swift in Sources */,
				8D5F666B27F5E79A00ACB97B /* MessageView.swift in Sources */,
				4C845B9C28798F4D00A9751E /* SystemEnvironment.swift in Sources */,
			);
			runOnlyForDeploymentPostprocessing = 0;
		};
/* End PBXSourcesBuildPhase section */

/* Begin XCBuildConfiguration section */
		8D5F666327F46A1A00ACB97B /* Debug */ = {
			isa = XCBuildConfiguration;
			buildSettings = {
				ALWAYS_SEARCH_USER_PATHS = NO;
				CLANG_ANALYZER_NONNULL = YES;
				CLANG_ANALYZER_NUMBER_OBJECT_CONVERSION = YES_AGGRESSIVE;
				CLANG_CXX_LANGUAGE_STANDARD = "gnu++17";
				CLANG_CXX_LIBRARY = "libc++";
				CLANG_ENABLE_MODULES = YES;
				CLANG_ENABLE_OBJC_ARC = YES;
				CLANG_ENABLE_OBJC_WEAK = YES;
				CLANG_WARN_BLOCK_CAPTURE_AUTORELEASING = YES;
				CLANG_WARN_BOOL_CONVERSION = YES;
				CLANG_WARN_COMMA = YES;
				CLANG_WARN_CONSTANT_CONVERSION = YES;
				CLANG_WARN_DEPRECATED_OBJC_IMPLEMENTATIONS = YES;
				CLANG_WARN_DIRECT_OBJC_ISA_USAGE = YES_ERROR;
				CLANG_WARN_DOCUMENTATION_COMMENTS = YES;
				CLANG_WARN_EMPTY_BODY = YES;
				CLANG_WARN_ENUM_CONVERSION = YES;
				CLANG_WARN_INFINITE_RECURSION = YES;
				CLANG_WARN_INT_CONVERSION = YES;
				CLANG_WARN_NON_LITERAL_NULL_CONVERSION = YES;
				CLANG_WARN_OBJC_IMPLICIT_RETAIN_SELF = YES;
				CLANG_WARN_OBJC_LITERAL_CONVERSION = YES;
				CLANG_WARN_OBJC_ROOT_CLASS = YES_ERROR;
				CLANG_WARN_QUOTED_INCLUDE_IN_FRAMEWORK_HEADER = YES;
				CLANG_WARN_RANGE_LOOP_ANALYSIS = YES;
				CLANG_WARN_STRICT_PROTOTYPES = YES;
				CLANG_WARN_SUSPICIOUS_MOVE = YES;
				CLANG_WARN_UNGUARDED_AVAILABILITY = YES_AGGRESSIVE;
				CLANG_WARN_UNREACHABLE_CODE = YES;
				CLANG_WARN__DUPLICATE_METHOD_MATCH = YES;
				COPY_PHASE_STRIP = NO;
				DEBUG_INFORMATION_FORMAT = dwarf;
				ENABLE_STRICT_OBJC_MSGSEND = YES;
				ENABLE_TESTABILITY = YES;
				GCC_C_LANGUAGE_STANDARD = gnu11;
				GCC_DYNAMIC_NO_PIC = NO;
				GCC_NO_COMMON_BLOCKS = YES;
				GCC_OPTIMIZATION_LEVEL = 0;
				GCC_PREPROCESSOR_DEFINITIONS = (
					"DEBUG=1",
					"$(inherited)",
				);
				GCC_WARN_64_TO_32_BIT_CONVERSION = YES;
				GCC_WARN_ABOUT_RETURN_TYPE = YES_ERROR;
				GCC_WARN_UNDECLARED_SELECTOR = YES;
				GCC_WARN_UNINITIALIZED_AUTOS = YES_AGGRESSIVE;
				GCC_WARN_UNUSED_FUNCTION = YES;
				GCC_WARN_UNUSED_VARIABLE = YES;
				IPHONEOS_DEPLOYMENT_TARGET = 15.2;
				MTL_ENABLE_DEBUG_INFO = INCLUDE_SOURCE;
				MTL_FAST_MATH = YES;
				ONLY_ACTIVE_ARCH = YES;
				SDKROOT = iphoneos;
				SWIFT_ACTIVE_COMPILATION_CONDITIONS = DEBUG;
				SWIFT_OPTIMIZATION_LEVEL = "-Onone";
			};
			name = Debug;
		};
		8D5F666427F46A1A00ACB97B /* Release */ = {
			isa = XCBuildConfiguration;
			buildSettings = {
				ALWAYS_SEARCH_USER_PATHS = NO;
				CLANG_ANALYZER_NONNULL = YES;
				CLANG_ANALYZER_NUMBER_OBJECT_CONVERSION = YES_AGGRESSIVE;
				CLANG_CXX_LANGUAGE_STANDARD = "gnu++17";
				CLANG_CXX_LIBRARY = "libc++";
				CLANG_ENABLE_MODULES = YES;
				CLANG_ENABLE_OBJC_ARC = YES;
				CLANG_ENABLE_OBJC_WEAK = YES;
				CLANG_WARN_BLOCK_CAPTURE_AUTORELEASING = YES;
				CLANG_WARN_BOOL_CONVERSION = YES;
				CLANG_WARN_COMMA = YES;
				CLANG_WARN_CONSTANT_CONVERSION = YES;
				CLANG_WARN_DEPRECATED_OBJC_IMPLEMENTATIONS = YES;
				CLANG_WARN_DIRECT_OBJC_ISA_USAGE = YES_ERROR;
				CLANG_WARN_DOCUMENTATION_COMMENTS = YES;
				CLANG_WARN_EMPTY_BODY = YES;
				CLANG_WARN_ENUM_CONVERSION = YES;
				CLANG_WARN_INFINITE_RECURSION = YES;
				CLANG_WARN_INT_CONVERSION = YES;
				CLANG_WARN_NON_LITERAL_NULL_CONVERSION = YES;
				CLANG_WARN_OBJC_IMPLICIT_RETAIN_SELF = YES;
				CLANG_WARN_OBJC_LITERAL_CONVERSION = YES;
				CLANG_WARN_OBJC_ROOT_CLASS = YES_ERROR;
				CLANG_WARN_QUOTED_INCLUDE_IN_FRAMEWORK_HEADER = YES;
				CLANG_WARN_RANGE_LOOP_ANALYSIS = YES;
				CLANG_WARN_STRICT_PROTOTYPES = YES;
				CLANG_WARN_SUSPICIOUS_MOVE = YES;
				CLANG_WARN_UNGUARDED_AVAILABILITY = YES_AGGRESSIVE;
				CLANG_WARN_UNREACHABLE_CODE = YES;
				CLANG_WARN__DUPLICATE_METHOD_MATCH = YES;
				COPY_PHASE_STRIP = NO;
				DEBUG_INFORMATION_FORMAT = "dwarf-with-dsym";
				ENABLE_NS_ASSERTIONS = NO;
				ENABLE_STRICT_OBJC_MSGSEND = YES;
				GCC_C_LANGUAGE_STANDARD = gnu11;
				GCC_NO_COMMON_BLOCKS = YES;
				GCC_WARN_64_TO_32_BIT_CONVERSION = YES;
				GCC_WARN_ABOUT_RETURN_TYPE = YES_ERROR;
				GCC_WARN_UNDECLARED_SELECTOR = YES;
				GCC_WARN_UNINITIALIZED_AUTOS = YES_AGGRESSIVE;
				GCC_WARN_UNUSED_FUNCTION = YES;
				GCC_WARN_UNUSED_VARIABLE = YES;
				IPHONEOS_DEPLOYMENT_TARGET = 15.2;
				MTL_ENABLE_DEBUG_INFO = NO;
				MTL_FAST_MATH = YES;
				SDKROOT = iphoneos;
				SWIFT_COMPILATION_MODE = wholemodule;
				SWIFT_OPTIMIZATION_LEVEL = "-O";
				VALIDATE_PRODUCT = YES;
			};
			name = Release;
		};
		8D5F666627F46A1A00ACB97B /* Debug */ = {
			isa = XCBuildConfiguration;
			buildSettings = {
				ASSETCATALOG_COMPILER_APPICON_NAME = AppIcon;
				ASSETCATALOG_COMPILER_GLOBAL_ACCENT_COLOR_NAME = AccentColor;
				CODE_SIGN_STYLE = Automatic;
				CURRENT_PROJECT_VERSION = 1;
				DEVELOPMENT_ASSET_PATHS = "\"Beacoffice/Preview Content\"";
				DEVELOPMENT_TEAM = JQL58D9H52;
				ENABLE_PREVIEWS = YES;
				GENERATE_INFOPLIST_FILE = YES;
				INFOPLIST_KEY_NSBluetoothAlwaysUsageDescription = Potatoes;
				INFOPLIST_KEY_NSLocationWhenInUseUsageDescription = Bananas;
				INFOPLIST_KEY_UIApplicationSceneManifest_Generation = YES;
				INFOPLIST_KEY_UIApplicationSupportsIndirectInputEvents = YES;
				INFOPLIST_KEY_UILaunchScreen_Generation = YES;
				INFOPLIST_KEY_UISupportedInterfaceOrientations_iPad = "UIInterfaceOrientationPortrait UIInterfaceOrientationPortraitUpsideDown UIInterfaceOrientationLandscapeLeft UIInterfaceOrientationLandscapeRight";
				INFOPLIST_KEY_UISupportedInterfaceOrientations_iPhone = "UIInterfaceOrientationPortrait UIInterfaceOrientationLandscapeLeft UIInterfaceOrientationLandscapeRight";
				IPHONEOS_DEPLOYMENT_TARGET = 14.0;
				LD_RUNPATH_SEARCH_PATHS = (
					"$(inherited)",
					"@executable_path/Frameworks",
				);
				MARKETING_VERSION = 1.0;
				PRODUCT_BUNDLE_IDENTIFIER = lorenzom.Beacoffice;
				PRODUCT_NAME = "$(TARGET_NAME)";
				SWIFT_EMIT_LOC_STRINGS = YES;
				SWIFT_VERSION = 5.0;
				TARGETED_DEVICE_FAMILY = "1,2";
			};
			name = Debug;
		};
		8D5F666727F46A1A00ACB97B /* Release */ = {
			isa = XCBuildConfiguration;
			buildSettings = {
				ASSETCATALOG_COMPILER_APPICON_NAME = AppIcon;
				ASSETCATALOG_COMPILER_GLOBAL_ACCENT_COLOR_NAME = AccentColor;
				CODE_SIGN_STYLE = Automatic;
				CURRENT_PROJECT_VERSION = 1;
				DEVELOPMENT_ASSET_PATHS = "\"Beacoffice/Preview Content\"";
				DEVELOPMENT_TEAM = JQL58D9H52;
				ENABLE_PREVIEWS = YES;
				GENERATE_INFOPLIST_FILE = YES;
				INFOPLIST_KEY_NSBluetoothAlwaysUsageDescription = Potatoes;
				INFOPLIST_KEY_NSLocationWhenInUseUsageDescription = Bananas;
				INFOPLIST_KEY_UIApplicationSceneManifest_Generation = YES;
				INFOPLIST_KEY_UIApplicationSupportsIndirectInputEvents = YES;
				INFOPLIST_KEY_UILaunchScreen_Generation = YES;
				INFOPLIST_KEY_UISupportedInterfaceOrientations_iPad = "UIInterfaceOrientationPortrait UIInterfaceOrientationPortraitUpsideDown UIInterfaceOrientationLandscapeLeft UIInterfaceOrientationLandscapeRight";
				INFOPLIST_KEY_UISupportedInterfaceOrientations_iPhone = "UIInterfaceOrientationPortrait UIInterfaceOrientationLandscapeLeft UIInterfaceOrientationLandscapeRight";
				IPHONEOS_DEPLOYMENT_TARGET = 14.0;
				LD_RUNPATH_SEARCH_PATHS = (
					"$(inherited)",
					"@executable_path/Frameworks",
				);
				MARKETING_VERSION = 1.0;
				PRODUCT_BUNDLE_IDENTIFIER = lorenzom.Beacoffice;
				PRODUCT_NAME = "$(TARGET_NAME)";
				SWIFT_EMIT_LOC_STRINGS = YES;
				SWIFT_VERSION = 5.0;
				TARGETED_DEVICE_FAMILY = "1,2";
			};
			name = Release;
		};
/* End XCBuildConfiguration section */

/* Begin XCConfigurationList section */
		8D5F665227F46A1600ACB97B /* Build configuration list for PBXProject "Beacoffice" */ = {
			isa = XCConfigurationList;
			buildConfigurations = (
				8D5F666327F46A1A00ACB97B /* Debug */,
				8D5F666427F46A1A00ACB97B /* Release */,
			);
			defaultConfigurationIsVisible = 0;
			defaultConfigurationName = Release;
		};
		8D5F666527F46A1A00ACB97B /* Build configuration list for PBXNativeTarget "Beacoffice" */ = {
			isa = XCConfigurationList;
			buildConfigurations = (
				8D5F666627F46A1A00ACB97B /* Debug */,
				8D5F666727F46A1A00ACB97B /* Release */,
			);
			defaultConfigurationIsVisible = 0;
			defaultConfigurationName = Release;
		};
/* End XCConfigurationList section */

/* Begin XCRemoteSwiftPackageReference section */
		4C0AB1B727F5F00C0070C4AF /* XCRemoteSwiftPackageReference "firebase-ios-sdk" */ = {
			isa = XCRemoteSwiftPackageReference;
			repositoryURL = "https://github.com/firebase/firebase-ios-sdk";
			requirement = {
				branch = master;
				kind = branch;
			};
		};
		4C845B9428798B9300A9751E /* XCRemoteSwiftPackageReference "swift-composable-architecture" */ = {
			isa = XCRemoteSwiftPackageReference;
			repositoryURL = "https://github.com/pointfreeco/swift-composable-architecture.git";
			requirement = {
				kind = exactVersion;
				version = 0.38.2;
			};
		};
/* End XCRemoteSwiftPackageReference section */

/* Begin XCSwiftPackageProductDependency section */
		4C0AB1B827F5F00C0070C4AF /* FirebaseFirestore */ = {
			isa = XCSwiftPackageProductDependency;
			package = 4C0AB1B727F5F00C0070C4AF /* XCRemoteSwiftPackageReference "firebase-ios-sdk" */;
			productName = FirebaseFirestore;
		};
		4C0AB1BA27F5F00C0070C4AF /* FirebaseFirestoreCombine-Community */ = {
			isa = XCSwiftPackageProductDependency;
			package = 4C0AB1B727F5F00C0070C4AF /* XCRemoteSwiftPackageReference "firebase-ios-sdk" */;
			productName = "FirebaseFirestoreCombine-Community";
		};
		4C0AB1BC27F5F00C0070C4AF /* FirebaseFirestoreSwift-Beta */ = {
			isa = XCSwiftPackageProductDependency;
			package = 4C0AB1B727F5F00C0070C4AF /* XCRemoteSwiftPackageReference "firebase-ios-sdk" */;
			productName = "FirebaseFirestoreSwift-Beta";
		};
		4C845B9528798B9300A9751E /* ComposableArchitecture */ = {
			isa = XCSwiftPackageProductDependency;
			package = 4C845B9428798B9300A9751E /* XCRemoteSwiftPackageReference "swift-composable-architecture" */;
			productName = ComposableArchitecture;
		};
/* End XCSwiftPackageProductDependency section */
	};
	rootObject = 8D5F664F27F46A1600ACB97B /* Project object */;
}
